{
  "originHash" : "0a4b539d339716578590c3c7cbbaaa5c0405c5e138533670731903e8ecc80adc",
  "pins" : [
    {
      "identity" : "autoreleasepoolshim",
      "kind" : "remoteSourceControl",
      "location" : "https://github.com/stefanspringer1/AutoreleasepoolShim",
      "state" : {
        "revision" : "d345d927f335db2d5e30e69ea943a045da9c16d0",
        "version" : "1.0.3"
      }
    },
    {
      "identity" : "fastreplace",
      "kind" : "remoteSourceControl",
      "location" : "https://github.com/stefanspringer1/FastReplace",
      "state" : {
        "revision" : "7be1e4861ab5f3d316ca789dab55f01601008005",
        "version" : "1.0.7"
      }
    },
    {
      "identity" : "regextemplates",
      "kind" : "remoteSourceControl",
      "location" : "https://github.com/stefanspringer1/RegexTemplates.git",
      "state" : {
        "revision" : "5251e91728b6266beb3374011435d104e9643634",
        "version" : "2.0.2"
      }
    },
    {
      "identity" : "regextemplateswithentities",
      "kind" : "remoteSourceControl",
      "location" : "https://github.com/stefanspringer1/RegexTemplatesWithEntities.git",
      "state" : {
        "revision" : "1f97f2681ea4117ec2ba062c3a4b4c7b65c53308",
        "version" : "3.0.0"
      }
    },
    {
      "identity" : "swift-argument-parser",
      "kind" : "remoteSourceControl",
      "location" : "https://github.com/apple/swift-argument-parser",
      "state" : {
        "revision" : "41982a3656a71c768319979febd796c6fd111d5c",
        "version" : "1.5.0"
      }
    },
    {
      "identity" : "swift-syntax",
      "kind" : "remoteSourceControl",
      "location" : "https://github.com/apple/swift-syntax.git",
      "state" : {
        "revision" : "64889f0c732f210a935a0ad7cda38f77f876262d",
        "version" : "509.1.1"
      }
    },
    {
      "identity" : "swiftutilities",
      "kind" : "remoteSourceControl",
      "location" : "https://github.com/stefanspringer1/SwiftUtilities",
      "state" : {
        "revision" : "5119e1fe9c6b6c46400705b74188a5fe2d08a709",
        "version" : "1.0.0"
      }
    }
  ],
  "version" : 3
}
