{
  "originHash" : "454892639281e63817496d2e11d17ff17f39ee6227cd2f554d0bfffba65a9249",
  "pins" : [
    {
      "identity" : "autoreleasepoolshim",
      "kind" : "remoteSourceControl",
      "location" : "https://github.com/stefanspringer1/AutoreleasepoolShim",
      "state" : {
        "revision" : "d345d927f335db2d5e30e69ea943a045da9c16d0",
        "version" : "1.0.3"
      }
    },
    {
      "identity" : "fastreplace",
      "kind" : "remoteSourceControl",
      "location" : "https://github.com/stefanspringer1/FastReplace",
      "state" : {
        "revision" : "7be1e4861ab5f3d316ca789dab55f01601008005",
        "version" : "1.0.7"
      }
    },
    {
      "identity" : "regextemplates",
      "kind" : "remoteSourceControl",
      "location" : "https://github.com/stefanspringer1/RegexTemplates.git",
      "state" : {
        "revision" : "5cb33fc791a09b811c1ae0d7e0c4413672caacb0",
        "version" : "2.0.5"
      }
    },
    {
      "identity" : "regextemplateswithentities",
      "kind" : "remoteSourceControl",
      "location" : "https://github.com/stefanspringer1/RegexTemplatesWithEntities.git",
      "state" : {
        "revision" : "2c3022571d731e2685fc79738ec5ebc58f167d32",
        "version" : "4.0.0"
      }
    },
    {
      "identity" : "swift-argument-parser",
      "kind" : "remoteSourceControl",
      "location" : "https://github.com/apple/swift-argument-parser",
      "state" : {
        "revision" : "41982a3656a71c768319979febd796c6fd111d5c",
        "version" : "1.5.0"
      }
    },
    {
      "identity" : "swift-syntax",
      "kind" : "remoteSourceControl",
      "location" : "https://github.com/apple/swift-syntax.git",
      "state" : {
        "revision" : "64889f0c732f210a935a0ad7cda38f77f876262d",
        "version" : "509.1.1"
      }
    },
    {
      "identity" : "swiftutilities",
      "kind" : "remoteSourceControl",
      "location" : "https://github.com/stefanspringer1/SwiftUtilities",
      "state" : {
        "revision" : "76cbfe128cbca7b2ee0f748ac7bed54067994b90",
        "version" : "2.0.0"
      }
    }
  ],
  "version" : 3
}
